
Microsoft Visual Studio Solution File, Format Version 12.00
# Visual Studio Version 17
VisualStudioVersion = 17.14.36414.22
MinimumVisualStudioVersion = 10.0.40219.1
Project("{FAE04EC0-301F-11D3-BF4B-00C04F79EFBC}") = "MVC.PL", "DemoG01.PL\MVC.PL.csproj", "{21F1510D-7B25-4BD5-A43E-4B0AFF0581FE}"
EndProject
Project("{FAE04EC0-301F-11D3-BF4B-00C04F79EFBC}") = "MVC.BLL", "DemoG01.BLL\MVC.BLL.csproj", "{071358BB-1E8F-4251-A9CD-81B123BB2A11}"
EndProject
Project("{FAE04EC0-301F-11D3-BF4B-00C04F79EFBC}") = "MVC.DAL", "DemoG01.DAL\MVC.DAL.csproj", "{7A93B44D-0E1D-4C14-A17A-A592A10F1524}"
EndProject
Global
	GlobalSection(SolutionConfigurationPlatforms) = preSolution
		Debug|Any CPU = Debug|Any CPU
		Release|Any CPU = Release|Any CPU
	EndGlobalSection
	GlobalSection(ProjectConfigurationPlatforms) = postSolution
		{21F1510D-7B25-4BD5-A43E-4B0AFF0581FE}.Debug|Any CPU.ActiveCfg = Debug|Any CPU
		{21F1510D-7B25-4BD5-A43E-4B0AFF0581FE}.Debug|Any CPU.Build.0 = Debug|Any CPU
		{21F1510D-7B25-4BD5-A43E-4B0AFF0581FE}.Release|Any CPU.ActiveCfg = Release|Any CPU
		{21F1510D-7B25-4BD5-A43E-4B0AFF0581FE}.Release|Any CPU.Build.0 = Release|Any CPU
		{071358BB-1E8F-4251-A9CD-81B123BB2A11}.Debug|Any CPU.ActiveCfg = Debug|Any CPU
		{071358BB-1E8F-4251-A9CD-81B123BB2A11}.Debug|Any CPU.Build.0 = Debug|Any CPU
		{071358BB-1E8F-4251-A9CD-81B123BB2A11}.Release|Any CPU.ActiveCfg = Release|Any CPU
		{071358BB-1E8F-4251-A9CD-81B123BB2A11}.Release|Any CPU.Build.0 = Release|Any CPU
		{7A93B44D-0E1D-4C14-A17A-A592A10F1524}.Debug|Any CPU.ActiveCfg = Debug|Any CPU
		{7A93B44D-0E1D-4C14-A17A-A592A10F1524}.Debug|Any CPU.Build.0 = Debug|Any CPU
		{7A93B44D-0E1D-4C14-A17A-A592A10F1524}.Release|Any CPU.ActiveCfg = Release|Any CPU
		{7A93B44D-0E1D-4C14-A17A-A592A10F1524}.Release|Any CPU.Build.0 = Release|Any CPU
	EndGlobalSection
	GlobalSection(SolutionProperties) = preSolution
		HideSolutionNode = FALSE
	EndGlobalSection
	GlobalSection(ExtensibilityGlobals) = postSolution
		SolutionGuid = {96B75F5E-B068-4951-9229-EDAA85969C42}
	EndGlobalSection
EndGlobal
